// !$*UTF8*$!
{
	archiveVersion = 1;
	classes = {
	};
	objectVersion = 50;
	objects = {

/* Begin PBXBuildFile section */
		40A4F94526376A9600DE0A8B /* Theme.swift in Sources */ = {isa = PBXBuildFile; fileRef = 40A4F94426376A9600DE0A8B /* Theme.swift */; };
		40A4F94E26376AA700DE0A8B /* AppTheme.framework in Frameworks */ = {isa = PBXBuildFile; fileRef = 40A4F94D26376AA700DE0A8B /* AppTheme.framework */; };
		40A4F94F26376AA700DE0A8B /* AppTheme.framework in Embed Frameworks */ = {isa = PBXBuildFile; fileRef = 40A4F94D26376AA700DE0A8B /* AppTheme.framework */; settings = {ATTRIBUTES = (CodeSignOnCopy, RemoveHeadersOnCopy, ); }; };
		40A4F95426376AE400DE0A8B /* Theme+Env.swift in Sources */ = {isa = PBXBuildFile; fileRef = 40A4F95326376AE400DE0A8B /* Theme+Env.swift */; };
		40A4F95826376C9300DE0A8B /* Theme+View.swift in Sources */ = {isa = PBXBuildFile; fileRef = 40A4F95726376C9300DE0A8B /* Theme+View.swift */; };
		40BE95BC263C982900418F6A /* ViewControllerPreview.swift in Sources */ = {isa = PBXBuildFile; fileRef = 40BE95BB263C982900418F6A /* ViewControllerPreview.swift */; };
		40BE95C2263C9E0B00418F6A /* RegisterView.swift in Sources */ = {isa = PBXBuildFile; fileRef = 40BE95C1263C9E0B00418F6A /* RegisterView.swift */; };
		40BE95C4263C9E7000418F6A /* Main.storyboard in Resources */ = {isa = PBXBuildFile; fileRef = 40BE95C3263C9E7000418F6A /* Main.storyboard */; };
		40D7FD9E2633170300807257 /* ThemedAppApp.swift in Sources */ = {isa = PBXBuildFile; fileRef = 40D7FD9D2633170300807257 /* ThemedAppApp.swift */; };
		40D7FDA02633170300807257 /* ContentView.swift in Sources */ = {isa = PBXBuildFile; fileRef = 40D7FD9F2633170300807257 /* ContentView.swift */; };
		40D7FDA22633170500807257 /* Assets.xcassets in Resources */ = {isa = PBXBuildFile; fileRef = 40D7FDA12633170500807257 /* Assets.xcassets */; };
		40D7FDA52633170500807257 /* Preview Assets.xcassets in Resources */ = {isa = PBXBuildFile; fileRef = 40D7FDA42633170500807257 /* Preview Assets.xcassets */; };
		40D7FDB02633170500807257 /* ThemedAppTests.swift in Sources */ = {isa = PBXBuildFile; fileRef = 40D7FDAF2633170500807257 /* ThemedAppTests.swift */; };
		40D7FDBB2633170500807257 /* ThemedAppUITests.swift in Sources */ = {isa = PBXBuildFile; fileRef = 40D7FDBA2633170500807257 /* ThemedAppUITests.swift */; };
		40D7FDD2263318DE00807257 /* ThemePlanning.swift in Sources */ = {isa = PBXBuildFile; fileRef = 40D7FDD1263318DE00807257 /* ThemePlanning.swift */; };
		40F2E815263A2AAC002D4E53 /* SignInView.swift in Sources */ = {isa = PBXBuildFile; fileRef = 40F2E814263A2AAC002D4E53 /* SignInView.swift */; };
		40F2E819263A32AF002D4E53 /* CustomTextField.swift in Sources */ = {isa = PBXBuildFile; fileRef = 40F2E818263A32AF002D4E53 /* CustomTextField.swift */; };
/* End PBXBuildFile section */

/* Begin PBXContainerItemProxy section */
		40D7FDAC2633170500807257 /* PBXContainerItemProxy */ = {
			isa = PBXContainerItemProxy;
			containerPortal = 40D7FD922633170300807257 /* Project object */;
			proxyType = 1;
			remoteGlobalIDString = 40D7FD992633170300807257;
			remoteInfo = ThemedApp;
		};
		40D7FDB72633170500807257 /* PBXContainerItemProxy */ = {
			isa = PBXContainerItemProxy;
			containerPortal = 40D7FD922633170300807257 /* Project object */;
			proxyType = 1;
			remoteGlobalIDString = 40D7FD992633170300807257;
			remoteInfo = ThemedApp;
		};
/* End PBXContainerItemProxy section */

/* Begin PBXCopyFilesBuildPhase section */
		40A4F95026376AA700DE0A8B /* Embed Frameworks */ = {
			isa = PBXCopyFilesBuildPhase;
			buildActionMask = 2147483647;
			dstPath = "";
			dstSubfolderSpec = 10;
			files = (
				40A4F94F26376AA700DE0A8B /* AppTheme.framework in Embed Frameworks */,
			);
			name = "Embed Frameworks";
			runOnlyForDeploymentPostprocessing = 0;
		};
/* End PBXCopyFilesBuildPhase section */

/* Begin PBXFileReference section */
		40A4F94426376A9600DE0A8B /* Theme.swift */ = {isa = PBXFileReference; lastKnownFileType = sourcecode.swift; path = Theme.swift; sourceTree = "<group>"; };
		40A4F94D26376AA700DE0A8B /* AppTheme.framework */ = {isa = PBXFileReference; explicitFileType = wrapper.framework; path = AppTheme.framework; sourceTree = BUILT_PRODUCTS_DIR; };
		40A4F95326376AE400DE0A8B /* Theme+Env.swift */ = {isa = PBXFileReference; lastKnownFileType = sourcecode.swift; path = "Theme+Env.swift"; sourceTree = "<group>"; };
		40A4F95726376C9300DE0A8B /* Theme+View.swift */ = {isa = PBXFileReference; lastKnownFileType = sourcecode.swift; path = "Theme+View.swift"; sourceTree = "<group>"; };
		40BE95BB263C982900418F6A /* ViewControllerPreview.swift */ = {isa = PBXFileReference; lastKnownFileType = sourcecode.swift; path = ViewControllerPreview.swift; sourceTree = "<group>"; };
		40BE95C1263C9E0B00418F6A /* RegisterView.swift */ = {isa = PBXFileReference; lastKnownFileType = sourcecode.swift; path = RegisterView.swift; sourceTree = "<group>"; };
		40BE95C3263C9E7000418F6A /* Main.storyboard */ = {isa = PBXFileReference; lastKnownFileType = file.storyboard; path = Main.storyboard; sourceTree = "<group>"; };
		40D7FD9A2633170300807257 /* ThemedApp.app */ = {isa = PBXFileReference; explicitFileType = wrapper.application; includeInIndex = 0; path = ThemedApp.app; sourceTree = BUILT_PRODUCTS_DIR; };
		40D7FD9D2633170300807257 /* ThemedAppApp.swift */ = {isa = PBXFileReference; lastKnownFileType = sourcecode.swift; path = ThemedAppApp.swift; sourceTree = "<group>"; };
		40D7FD9F2633170300807257 /* ContentView.swift */ = {isa = PBXFileReference; lastKnownFileType = sourcecode.swift; path = ContentView.swift; sourceTree = "<group>"; };
		40D7FDA12633170500807257 /* Assets.xcassets */ = {isa = PBXFileReference; lastKnownFileType = folder.assetcatalog; path = Assets.xcassets; sourceTree = "<group>"; };
		40D7FDA42633170500807257 /* Preview Assets.xcassets */ = {isa = PBXFileReference; lastKnownFileType = folder.assetcatalog; path = "Preview Assets.xcassets"; sourceTree = "<group>"; };
		40D7FDA62633170500807257 /* Info.plist */ = {isa = PBXFileReference; lastKnownFileType = text.plist.xml; path = Info.plist; sourceTree = "<group>"; };
		40D7FDAB2633170500807257 /* ThemedAppTests.xctest */ = {isa = PBXFileReference; explicitFileType = wrapper.cfbundle; includeInIndex = 0; path = ThemedAppTests.xctest; sourceTree = BUILT_PRODUCTS_DIR; };
		40D7FDAF2633170500807257 /* ThemedAppTests.swift */ = {isa = PBXFileReference; lastKnownFileType = sourcecode.swift; path = ThemedAppTests.swift; sourceTree = "<group>"; };
		40D7FDB12633170500807257 /* Info.plist */ = {isa = PBXFileReference; lastKnownFileType = text.plist.xml; path = Info.plist; sourceTree = "<group>"; };
		40D7FDB62633170500807257 /* ThemedAppUITests.xctest */ = {isa = PBXFileReference; explicitFileType = wrapper.cfbundle; includeInIndex = 0; path = ThemedAppUITests.xctest; sourceTree = BUILT_PRODUCTS_DIR; };
		40D7FDBA2633170500807257 /* ThemedAppUITests.swift */ = {isa = PBXFileReference; lastKnownFileType = sourcecode.swift; path = ThemedAppUITests.swift; sourceTree = "<group>"; };
		40D7FDBC2633170500807257 /* Info.plist */ = {isa = PBXFileReference; lastKnownFileType = text.plist.xml; path = Info.plist; sourceTree = "<group>"; };
		40D7FDD1263318DE00807257 /* ThemePlanning.swift */ = {isa = PBXFileReference; lastKnownFileType = sourcecode.swift; path = ThemePlanning.swift; sourceTree = "<group>"; };
		40F2E814263A2AAC002D4E53 /* SignInView.swift */ = {isa = PBXFileReference; lastKnownFileType = sourcecode.swift; path = SignInView.swift; sourceTree = "<group>"; };
		40F2E818263A32AF002D4E53 /* CustomTextField.swift */ = {isa = PBXFileReference; lastKnownFileType = sourcecode.swift; path = CustomTextField.swift; sourceTree = "<group>"; };
/* End PBXFileReference section */

/* Begin PBXFrameworksBuildPhase section */
		40D7FD972633170300807257 /* Frameworks */ = {
			isa = PBXFrameworksBuildPhase;
			buildActionMask = 2147483647;
			files = (
				40A4F94E26376AA700DE0A8B /* AppTheme.framework in Frameworks */,
			);
			runOnlyForDeploymentPostprocessing = 0;
		};
		40D7FDA82633170500807257 /* Frameworks */ = {
			isa = PBXFrameworksBuildPhase;
			buildActionMask = 2147483647;
			files = (
			);
			runOnlyForDeploymentPostprocessing = 0;
		};
		40D7FDB32633170500807257 /* Frameworks */ = {
			isa = PBXFrameworksBuildPhase;
			buildActionMask = 2147483647;
			files = (
			);
			runOnlyForDeploymentPostprocessing = 0;
		};
/* End PBXFrameworksBuildPhase section */

/* Begin PBXGroup section */
		40A4F94326376A7B00DE0A8B /* Theme */ = {
			isa = PBXGroup;
			children = (
				40A4F94426376A9600DE0A8B /* Theme.swift */,
				40A4F95326376AE400DE0A8B /* Theme+Env.swift */,
				40A4F95726376C9300DE0A8B /* Theme+View.swift */,
			);
			path = Theme;
			sourceTree = "<group>";
		};
		40A4F94C26376AA700DE0A8B /* Frameworks */ = {
			isa = PBXGroup;
			children = (
				40A4F94D26376AA700DE0A8B /* AppTheme.framework */,
			);
			name = Frameworks;
			sourceTree = "<group>";
		};
		40BE95BA263C980700418F6A /* Preview */ = {
			isa = PBXGroup;
			children = (
				40BE95BB263C982900418F6A /* ViewControllerPreview.swift */,
			);
			path = Preview;
			sourceTree = "<group>";
		};
		40D7FD912633170300807257 = {
			isa = PBXGroup;
			children = (
				40D7FD9C2633170300807257 /* ThemedApp */,
				40D7FDAE2633170500807257 /* ThemedAppTests */,
				40D7FDB92633170500807257 /* ThemedAppUITests */,
				40D7FD9B2633170300807257 /* Products */,
				40A4F94C26376AA700DE0A8B /* Frameworks */,
			);
			sourceTree = "<group>";
		};
		40D7FD9B2633170300807257 /* Products */ = {
			isa = PBXGroup;
			children = (
				40D7FD9A2633170300807257 /* ThemedApp.app */,
				40D7FDAB2633170500807257 /* ThemedAppTests.xctest */,
				40D7FDB62633170500807257 /* ThemedAppUITests.xctest */,
			);
			name = Products;
			sourceTree = "<group>";
		};
		40D7FD9C2633170300807257 /* ThemedApp */ = {
			isa = PBXGroup;
			children = (
				40BE95BA263C980700418F6A /* Preview */,
				40A4F94326376A7B00DE0A8B /* Theme */,
				40D7FD9D2633170300807257 /* ThemedAppApp.swift */,
				40D7FD9F2633170300807257 /* ContentView.swift */,
				40D7FDD1263318DE00807257 /* ThemePlanning.swift */,
				40F2E814263A2AAC002D4E53 /* SignInView.swift */,
				40BE95C1263C9E0B00418F6A /* RegisterView.swift */,
				40BE95C3263C9E7000418F6A /* Main.storyboard */,
				40F2E818263A32AF002D4E53 /* CustomTextField.swift */,
				40D7FDA12633170500807257 /* Assets.xcassets */,
				40D7FDA62633170500807257 /* Info.plist */,
				40D7FDA32633170500807257 /* Preview Content */,
			);
			path = ThemedApp;
			sourceTree = "<group>";
		};
		40D7FDA32633170500807257 /* Preview Content */ = {
			isa = PBXGroup;
			children = (
				40D7FDA42633170500807257 /* Preview Assets.xcassets */,
			);
			path = "Preview Content";
			sourceTree = "<group>";
		};
		40D7FDAE2633170500807257 /* ThemedAppTests */ = {
			isa = PBXGroup;
			children = (
				40D7FDAF2633170500807257 /* ThemedAppTests.swift */,
				40D7FDB12633170500807257 /* Info.plist */,
			);
			path = ThemedAppTests;
			sourceTree = "<group>";
		};
		40D7FDB92633170500807257 /* ThemedAppUITests */ = {
			isa = PBXGroup;
			children = (
				40D7FDBA2633170500807257 /* ThemedAppUITests.swift */,
				40D7FDBC2633170500807257 /* Info.plist */,
			);
			path = ThemedAppUITests;
			sourceTree = "<group>";
		};
/* End PBXGroup section */

/* Begin PBXNativeTarget section */
		40D7FD992633170300807257 /* ThemedApp */ = {
			isa = PBXNativeTarget;
			buildConfigurationList = 40D7FDBF2633170500807257 /* Build configuration list for PBXNativeTarget "ThemedApp" */;
			buildPhases = (
				40D7FD962633170300807257 /* Sources */,
				40D7FD972633170300807257 /* Frameworks */,
				40D7FD982633170300807257 /* Resources */,
				40A4F95026376AA700DE0A8B /* Embed Frameworks */,
			);
			buildRules = (
			);
			dependencies = (
			);
			name = ThemedApp;
			productName = ThemedApp;
			productReference = 40D7FD9A2633170300807257 /* ThemedApp.app */;
			productType = "com.apple.product-type.application";
		};
		40D7FDAA2633170500807257 /* ThemedAppTests */ = {
			isa = PBXNativeTarget;
			buildConfigurationList = 40D7FDC22633170500807257 /* Build configuration list for PBXNativeTarget "ThemedAppTests" */;
			buildPhases = (
				40D7FDA72633170500807257 /* Sources */,
				40D7FDA82633170500807257 /* Frameworks */,
				40D7FDA92633170500807257 /* Resources */,
			);
			buildRules = (
			);
			dependencies = (
				40D7FDAD2633170500807257 /* PBXTargetDependency */,
			);
			name = ThemedAppTests;
			productName = ThemedAppTests;
			productReference = 40D7FDAB2633170500807257 /* ThemedAppTests.xctest */;
			productType = "com.apple.product-type.bundle.unit-test";
		};
		40D7FDB52633170500807257 /* ThemedAppUITests */ = {
			isa = PBXNativeTarget;
			buildConfigurationList = 40D7FDC52633170500807257 /* Build configuration list for PBXNativeTarget "ThemedAppUITests" */;
			buildPhases = (
				40D7FDB22633170500807257 /* Sources */,
				40D7FDB32633170500807257 /* Frameworks */,
				40D7FDB42633170500807257 /* Resources */,
			);
			buildRules = (
			);
			dependencies = (
				40D7FDB82633170500807257 /* PBXTargetDependency */,
			);
			name = ThemedAppUITests;
			productName = ThemedAppUITests;
			productReference = 40D7FDB62633170500807257 /* ThemedAppUITests.xctest */;
			productType = "com.apple.product-type.bundle.ui-testing";
		};
/* End PBXNativeTarget section */

/* Begin PBXProject section */
		40D7FD922633170300807257 /* Project object */ = {
			isa = PBXProject;
			attributes = {
				LastSwiftUpdateCheck = 1240;
				LastUpgradeCheck = 1240;
				TargetAttributes = {
					40D7FD992633170300807257 = {
						CreatedOnToolsVersion = 12.4;
					};
					40D7FDAA2633170500807257 = {
						CreatedOnToolsVersion = 12.4;
						TestTargetID = 40D7FD992633170300807257;
					};
					40D7FDB52633170500807257 = {
						CreatedOnToolsVersion = 12.4;
						TestTargetID = 40D7FD992633170300807257;
					};
				};
			};
			buildConfigurationList = 40D7FD952633170300807257 /* Build configuration list for PBXProject "ThemedApp" */;
			compatibilityVersion = "Xcode 9.3";
			developmentRegion = en;
			hasScannedForEncodings = 0;
			knownRegions = (
				en,
				Base,
			);
			mainGroup = 40D7FD912633170300807257;
			productRefGroup = 40D7FD9B2633170300807257 /* Products */;
			projectDirPath = "";
			projectRoot = "";
			targets = (
				40D7FD992633170300807257 /* ThemedApp */,
				40D7FDAA2633170500807257 /* ThemedAppTests */,
				40D7FDB52633170500807257 /* ThemedAppUITests */,
			);
		};
/* End PBXProject section */

/* Begin PBXResourcesBuildPhase section */
		40D7FD982633170300807257 /* Resources */ = {
			isa = PBXResourcesBuildPhase;
			buildActionMask = 2147483647;
			files = (
				40BE95C4263C9E7000418F6A /* Main.storyboard in Resources */,
				40D7FDA52633170500807257 /* Preview Assets.xcassets in Resources */,
				40D7FDA22633170500807257 /* Assets.xcassets in Resources */,
			);
			runOnlyForDeploymentPostprocessing = 0;
		};
		40D7FDA92633170500807257 /* Resources */ = {
			isa = PBXResourcesBuildPhase;
			buildActionMask = 2147483647;
			files = (
			);
			runOnlyForDeploymentPostprocessing = 0;
		};
		40D7FDB42633170500807257 /* Resources */ = {
			isa = PBXResourcesBuildPhase;
			buildActionMask = 2147483647;
			files = (
			);
			runOnlyForDeploymentPostprocessing = 0;
		};
/* End PBXResourcesBuildPhase section */

/* Begin PBXSourcesBuildPhase section */
		40D7FD962633170300807257 /* Sources */ = {
			isa = PBXSourcesBuildPhase;
			buildActionMask = 2147483647;
			files = (
				40D7FDA02633170300807257 /* ContentView.swift in Sources */,
				40BE95C2263C9E0B00418F6A /* RegisterView.swift in Sources */,
				40F2E815263A2AAC002D4E53 /* SignInView.swift in Sources */,
				40A4F94526376A9600DE0A8B /* Theme.swift in Sources */,
				40D7FDD2263318DE00807257 /* ThemePlanning.swift in Sources */,
				40F2E819263A32AF002D4E53 /* CustomTextField.swift in Sources */,
				40D7FD9E2633170300807257 /* ThemedAppApp.swift in Sources */,
				40A4F95826376C9300DE0A8B /* Theme+View.swift in Sources */,
				40BE95BC263C982900418F6A /* ViewControllerPreview.swift in Sources */,
				40A4F95426376AE400DE0A8B /* Theme+Env.swift in Sources */,
			);
			runOnlyForDeploymentPostprocessing = 0;
		};
		40D7FDA72633170500807257 /* Sources */ = {
			isa = PBXSourcesBuildPhase;
			buildActionMask = 2147483647;
			files = (
				40D7FDB02633170500807257 /* ThemedAppTests.swift in Sources */,
			);
			runOnlyForDeploymentPostprocessing = 0;
		};
		40D7FDB22633170500807257 /* Sources */ = {
			isa = PBXSourcesBuildPhase;
			buildActionMask = 2147483647;
			files = (
				40D7FDBB2633170500807257 /* ThemedAppUITests.swift in Sources */,
			);
			runOnlyForDeploymentPostprocessing = 0;
		};
/* End PBXSourcesBuildPhase section */

/* Begin PBXTargetDependency section */
		40D7FDAD2633170500807257 /* PBXTargetDependency */ = {
			isa = PBXTargetDependency;
			target = 40D7FD992633170300807257 /* ThemedApp */;
			targetProxy = 40D7FDAC2633170500807257 /* PBXContainerItemProxy */;
		};
		40D7FDB82633170500807257 /* PBXTargetDependency */ = {
			isa = PBXTargetDependency;
			target = 40D7FD992633170300807257 /* ThemedApp */;
			targetProxy = 40D7FDB72633170500807257 /* PBXContainerItemProxy */;
		};
/* End PBXTargetDependency section */

/* Begin XCBuildConfiguration section */
		40D7FDBD2633170500807257 /* Debug */ = {
			isa = XCBuildConfiguration;
			buildSettings = {
				ALWAYS_SEARCH_USER_PATHS = NO;
				CLANG_ANALYZER_NONNULL = YES;
				CLANG_ANALYZER_NUMBER_OBJECT_CONVERSION = YES_AGGRESSIVE;
				CLANG_CXX_LANGUAGE_STANDARD = "gnu++14";
				CLANG_CXX_LIBRARY = "libc++";
				CLANG_ENABLE_MODULES = YES;
				CLANG_ENABLE_OBJC_ARC = YES;
				CLANG_ENABLE_OBJC_WEAK = YES;
				CLANG_WARN_BLOCK_CAPTURE_AUTORELEASING = YES;
				CLANG_WARN_BOOL_CONVERSION = YES;
				CLANG_WARN_COMMA = YES;
				CLANG_WARN_CONSTANT_CONVERSION = YES;
				CLANG_WARN_DEPRECATED_OBJC_IMPLEMENTATIONS = YES;
				CLANG_WARN_DIRECT_OBJC_ISA_USAGE = YES_ERROR;
				CLANG_WARN_DOCUMENTATION_COMMENTS = YES;
				CLANG_WARN_EMPTY_BODY = YES;
				CLANG_WARN_ENUM_CONVERSION = YES;
				CLANG_WARN_INFINITE_RECURSION = YES;
				CLANG_WARN_INT_CONVERSION = YES;
				CLANG_WARN_NON_LITERAL_NULL_CONVERSION = YES;
				CLANG_WARN_OBJC_IMPLICIT_RETAIN_SELF = YES;
				CLANG_WARN_OBJC_LITERAL_CONVERSION = YES;
				CLANG_WARN_OBJC_ROOT_CLASS = YES_ERROR;
				CLANG_WARN_QUOTED_INCLUDE_IN_FRAMEWORK_HEADER = YES;
				CLANG_WARN_RANGE_LOOP_ANALYSIS = YES;
				CLANG_WARN_STRICT_PROTOTYPES = YES;
				CLANG_WARN_SUSPICIOUS_MOVE = YES;
				CLANG_WARN_UNGUARDED_AVAILABILITY = YES_AGGRESSIVE;
				CLANG_WARN_UNREACHABLE_CODE = YES;
				CLANG_WARN__DUPLICATE_METHOD_MATCH = YES;
				COPY_PHASE_STRIP = NO;
				DEBUG_INFORMATION_FORMAT = dwarf;
				ENABLE_STRICT_OBJC_MSGSEND = YES;
				ENABLE_TESTABILITY = YES;
				GCC_C_LANGUAGE_STANDARD = gnu11;
				GCC_DYNAMIC_NO_PIC = NO;
				GCC_NO_COMMON_BLOCKS = YES;
				GCC_OPTIMIZATION_LEVEL = 0;
				GCC_PREPROCESSOR_DEFINITIONS = (
					"DEBUG=1",
					"$(inherited)",
				);
				GCC_WARN_64_TO_32_BIT_CONVERSION = YES;
				GCC_WARN_ABOUT_RETURN_TYPE = YES_ERROR;
				GCC_WARN_UNDECLARED_SELECTOR = YES;
				GCC_WARN_UNINITIALIZED_AUTOS = YES_AGGRESSIVE;
				GCC_WARN_UNUSED_FUNCTION = YES;
				GCC_WARN_UNUSED_VARIABLE = YES;
				IPHONEOS_DEPLOYMENT_TARGET = 14.4;
				MTL_ENABLE_DEBUG_INFO = INCLUDE_SOURCE;
				MTL_FAST_MATH = YES;
				ONLY_ACTIVE_ARCH = YES;
				SDKROOT = iphoneos;
				SWIFT_ACTIVE_COMPILATION_CONDITIONS = DEBUG;
				SWIFT_OPTIMIZATION_LEVEL = "-Onone";
			};
			name = Debug;
		};
		40D7FDBE2633170500807257 /* Release */ = {
			isa = XCBuildConfiguration;
			buildSettings = {
				ALWAYS_SEARCH_USER_PATHS = NO;
				CLANG_ANALYZER_NONNULL = YES;
				CLANG_ANALYZER_NUMBER_OBJECT_CONVERSION = YES_AGGRESSIVE;
				CLANG_CXX_LANGUAGE_STANDARD = "gnu++14";
				CLANG_CXX_LIBRARY = "libc++";
				CLANG_ENABLE_MODULES = YES;
				CLANG_ENABLE_OBJC_ARC = YES;
				CLANG_ENABLE_OBJC_WEAK = YES;
				CLANG_WARN_BLOCK_CAPTURE_AUTORELEASING = YES;
				CLANG_WARN_BOOL_CONVERSION = YES;
				CLANG_WARN_COMMA = YES;
				CLANG_WARN_CONSTANT_CONVERSION = YES;
				CLANG_WARN_DEPRECATED_OBJC_IMPLEMENTATIONS = YES;
				CLANG_WARN_DIRECT_OBJC_ISA_USAGE = YES_ERROR;
				CLANG_WARN_DOCUMENTATION_COMMENTS = YES;
				CLANG_WARN_EMPTY_BODY = YES;
				CLANG_WARN_ENUM_CONVERSION = YES;
				CLANG_WARN_INFINITE_RECURSION = YES;
				CLANG_WARN_INT_CONVERSION = YES;
				CLANG_WARN_NON_LITERAL_NULL_CONVERSION = YES;
				CLANG_WARN_OBJC_IMPLICIT_RETAIN_SELF = YES;
				CLANG_WARN_OBJC_LITERAL_CONVERSION = YES;
				CLANG_WARN_OBJC_ROOT_CLASS = YES_ERROR;
				CLANG_WARN_QUOTED_INCLUDE_IN_FRAMEWORK_HEADER = YES;
				CLANG_WARN_RANGE_LOOP_ANALYSIS = YES;
				CLANG_WARN_STRICT_PROTOTYPES = YES;
				CLANG_WARN_SUSPICIOUS_MOVE = YES;
				CLANG_WARN_UNGUARDED_AVAILABILITY = YES_AGGRESSIVE;
				CLANG_WARN_UNREACHABLE_CODE = YES;
				CLANG_WARN__DUPLICATE_METHOD_MATCH = YES;
				COPY_PHASE_STRIP = NO;
				DEBUG_INFORMATION_FORMAT = "dwarf-with-dsym";
				ENABLE_NS_ASSERTIONS = NO;
				ENABLE_STRICT_OBJC_MSGSEND = YES;
				GCC_C_LANGUAGE_STANDARD = gnu11;
				GCC_NO_COMMON_BLOCKS = YES;
				GCC_WARN_64_TO_32_BIT_CONVERSION = YES;
				GCC_WARN_ABOUT_RETURN_TYPE = YES_ERROR;
				GCC_WARN_UNDECLARED_SELECTOR = YES;
				GCC_WARN_UNINITIALIZED_AUTOS = YES_AGGRESSIVE;
				GCC_WARN_UNUSED_FUNCTION = YES;
				GCC_WARN_UNUSED_VARIABLE = YES;
				IPHONEOS_DEPLOYMENT_TARGET = 14.4;
				MTL_ENABLE_DEBUG_INFO = NO;
				MTL_FAST_MATH = YES;
				SDKROOT = iphoneos;
				SWIFT_COMPILATION_MODE = wholemodule;
				SWIFT_OPTIMIZATION_LEVEL = "-O";
				VALIDATE_PRODUCT = YES;
			};
			name = Release;
		};
		40D7FDC02633170500807257 /* Debug */ = {
			isa = XCBuildConfiguration;
			buildSettings = {
				ASSETCATALOG_COMPILER_APPICON_NAME = AppIcon;
				ASSETCATALOG_COMPILER_GLOBAL_ACCENT_COLOR_NAME = AccentColor;
				CODE_SIGN_STYLE = Automatic;
				DEVELOPMENT_ASSET_PATHS = "\"ThemedApp/Preview Content\"";
				ENABLE_PREVIEWS = YES;
				INFOPLIST_FILE = ThemedApp/Info.plist;
				IPHONEOS_DEPLOYMENT_TARGET = 14.1;
				LD_RUNPATH_SEARCH_PATHS = (
					"$(inherited)",
					"@executable_path/Frameworks",
				);
				PRODUCT_BUNDLE_IDENTIFIER = sparkcode.ThemedApp;
				PRODUCT_NAME = "$(TARGET_NAME)";
				SWIFT_VERSION = 5.0;
				TARGETED_DEVICE_FAMILY = "1,2";
			};
			name = Debug;
		};
		40D7FDC12633170500807257 /* Release */ = {
			isa = XCBuildConfiguration;
			buildSettings = {
				ASSETCATALOG_COMPILER_APPICON_NAME = AppIcon;
				ASSETCATALOG_COMPILER_GLOBAL_ACCENT_COLOR_NAME = AccentColor;
				CODE_SIGN_STYLE = Automatic;
				DEVELOPMENT_ASSET_PATHS = "\"ThemedApp/Preview Content\"";
				ENABLE_PREVIEWS = YES;
				INFOPLIST_FILE = ThemedApp/Info.plist;
				IPHONEOS_DEPLOYMENT_TARGET = 14.1;
				LD_RUNPATH_SEARCH_PATHS = (
					"$(inherited)",
					"@executable_path/Frameworks",
				);
				PRODUCT_BUNDLE_IDENTIFIER = sparkcode.ThemedApp;
				PRODUCT_NAME = "$(TARGET_NAME)";
				SWIFT_VERSION = 5.0;
				TARGETED_DEVICE_FAMILY = "1,2";
			};
			name = Release;
		};
		40D7FDC32633170500807257 /* Debug */ = {
			isa = XCBuildConfiguration;
			buildSettings = {
				ALWAYS_EMBED_SWIFT_STANDARD_LIBRARIES = YES;
				BUNDLE_LOADER = "$(TEST_HOST)";
				CODE_SIGN_STYLE = Automatic;
				INFOPLIST_FILE = ThemedAppTests/Info.plist;
				IPHONEOS_DEPLOYMENT_TARGET = 14.1;
				LD_RUNPATH_SEARCH_PATHS = (
					"$(inherited)",
					"@executable_path/Frameworks",
					"@loader_path/Frameworks",
				);
				PRODUCT_BUNDLE_IDENTIFIER = sparkcode.ThemedAppTests;
				PRODUCT_NAME = "$(TARGET_NAME)";
				SWIFT_VERSION = 5.0;
				TARGETED_DEVICE_FAMILY = "1,2";
				TEST_HOST = "$(BUILT_PRODUCTS_DIR)/ThemedApp.app/ThemedApp";
			};
			name = Debug;
		};
		40D7FDC42633170500807257 /* Release */ = {
			isa = XCBuildConfiguration;
			buildSettings = {
				ALWAYS_EMBED_SWIFT_STANDARD_LIBRARIES = YES;
				BUNDLE_LOADER = "$(TEST_HOST)";
				CODE_SIGN_STYLE = Automatic;
				INFOPLIST_FILE = ThemedAppTests/Info.plist;
				IPHONEOS_DEPLOYMENT_TARGET = 14.1;
				LD_RUNPATH_SEARCH_PATHS = (
					"$(inherited)",
					"@executable_path/Frameworks",
					"@loader_path/Frameworks",
				);
				PRODUCT_BUNDLE_IDENTIFIER = sparkcode.ThemedAppTests;
				PRODUCT_NAME = "$(TARGET_NAME)";
				SWIFT_VERSION = 5.0;
				TARGETED_DEVICE_FAMILY = "1,2";
				TEST_HOST = "$(BUILT_PRODUCTS_DIR)/ThemedApp.app/ThemedApp";
			};
			name = Release;
		};
		40D7FDC62633170500807257 /* Debug */ = {
			isa = XCBuildConfiguration;
			buildSettings = {
				ALWAYS_EMBED_SWIFT_STANDARD_LIBRARIES = YES;
				CODE_SIGN_STYLE = Automatic;
				INFOPLIST_FILE = ThemedAppUITests/Info.plist;
				LD_RUNPATH_SEARCH_PATHS = (
					"$(inherited)",
					"@executable_path/Frameworks",
					"@loader_path/Frameworks",
				);
				PRODUCT_BUNDLE_IDENTIFIER = sparkcode.ThemedAppUITests;
				PRODUCT_NAME = "$(TARGET_NAME)";
				SWIFT_VERSION = 5.0;
				TARGETED_DEVICE_FAMILY = "1,2";
				TEST_TARGET_NAME = ThemedApp;
			};
			name = Debug;
		};
		40D7FDC72633170500807257 /* Release */ = {
			isa = XCBuildConfiguration;
			buildSettings = {
				ALWAYS_EMBED_SWIFT_STANDARD_LIBRARIES = YES;
				CODE_SIGN_STYLE = Automatic;
				INFOPLIST_FILE = ThemedAppUITests/Info.plist;
				LD_RUNPATH_SEARCH_PATHS = (
					"$(inherited)",
					"@executable_path/Frameworks",
					"@loader_path/Frameworks",
				);
				PRODUCT_BUNDLE_IDENTIFIER = sparkcode.ThemedAppUITests;
				PRODUCT_NAME = "$(TARGET_NAME)";
				SWIFT_VERSION = 5.0;
				TARGETED_DEVICE_FAMILY = "1,2";
				TEST_TARGET_NAME = ThemedApp;
			};
			name = Release;
		};
/* End XCBuildConfiguration section */

/* Begin XCConfigurationList section */
		40D7FD952633170300807257 /* Build configuration list for PBXProject "ThemedApp" */ = {
			isa = XCConfigurationList;
			buildConfigurations = (
				40D7FDBD2633170500807257 /* Debug */,
				40D7FDBE2633170500807257 /* Release */,
			);
			defaultConfigurationIsVisible = 0;
			defaultConfigurationName = Release;
		};
		40D7FDBF2633170500807257 /* Build configuration list for PBXNativeTarget "ThemedApp" */ = {
			isa = XCConfigurationList;
			buildConfigurations = (
				40D7FDC02633170500807257 /* Debug */,
				40D7FDC12633170500807257 /* Release */,
			);
			defaultConfigurationIsVisible = 0;
			defaultConfigurationName = Release;
		};
		40D7FDC22633170500807257 /* Build configuration list for PBXNativeTarget "ThemedAppTests" */ = {
			isa = XCConfigurationList;
			buildConfigurations = (
				40D7FDC32633170500807257 /* Debug */,
				40D7FDC42633170500807257 /* Release */,
			);
			defaultConfigurationIsVisible = 0;
			defaultConfigurationName = Release;
		};
		40D7FDC52633170500807257 /* Build configuration list for PBXNativeTarget "ThemedAppUITests" */ = {
			isa = XCConfigurationList;
			buildConfigurations = (
				40D7FDC62633170500807257 /* Debug */,
				40D7FDC72633170500807257 /* Release */,
			);
			defaultConfigurationIsVisible = 0;
			defaultConfigurationName = Release;
		};
/* End XCConfigurationList section */
	};
	rootObject = 40D7FD922633170300807257 /* Project object */;
}
